// !$*UTF8*$!
{
	archiveVersion = 1;
	classes = {
	};
	objectVersion = 50;
	objects = {

/* Begin PBXBuildFile section */
		74174C3B23034D2B00635857 /* Default-568h@2x.png in Resources */ = {isa = PBXBuildFile; fileRef = 74174C3A23034D2B00635857 /* Default-568h@2x.png */; };
		74FDE35922F9CB4400F9E5A3 /* AppDelegate.swift in Sources */ = {isa = PBXBuildFile; fileRef = 74FDE35822F9CB4400F9E5A3 /* AppDelegate.swift */; };
		74FDE35B22F9CB4400F9E5A3 /* ViewController.swift in Sources */ = {isa = PBXBuildFile; fileRef = 74FDE35A22F9CB4400F9E5A3 /* ViewController.swift */; };
		74FDE35E22F9CB4400F9E5A3 /* Main.storyboard in Resources */ = {isa = PBXBuildFile; fileRef = 74FDE35C22F9CB4400F9E5A3 /* Main.storyboard */; };
		74FDE36022F9CB4600F9E5A3 /* Assets.xcassets in Resources */ = {isa = PBXBuildFile; fileRef = 74FDE35F22F9CB4600F9E5A3 /* Assets.xcassets */; };
		74FDE36322F9CB4600F9E5A3 /* LaunchScreen.storyboard in Resources */ = {isa = PBXBuildFile; fileRef = 74FDE36122F9CB4600F9E5A3 /* LaunchScreen.storyboard */; };
		74FDE36E22F9CB4600F9E5A3 /* TextTwistAtClassTests.swift in Sources */ = {isa = PBXBuildFile; fileRef = 74FDE36D22F9CB4600F9E5A3 /* TextTwistAtClassTests.swift */; };
		74FDE37922F9CB4600F9E5A3 /* TextTwistAtClassUITests.swift in Sources */ = {isa = PBXBuildFile; fileRef = 74FDE37822F9CB4600F9E5A3 /* TextTwistAtClassUITests.swift */; };
		74FDE38922F9CDE500F9E5A3 /* WordData.swift in Sources */ = {isa = PBXBuildFile; fileRef = 74FDE38822F9CDE500F9E5A3 /* WordData.swift */; };
		74FDE38B22F9F0A000F9E5A3 /* model.swift in Sources */ = {isa = PBXBuildFile; fileRef = 74FDE38A22F9F0A000F9E5A3 /* model.swift */; };
/* End PBXBuildFile section */

/* Begin PBXContainerItemProxy section */
		74FDE36A22F9CB4600F9E5A3 /* PBXContainerItemProxy */ = {
			isa = PBXContainerItemProxy;
			containerPortal = 74FDE34D22F9CB4300F9E5A3 /* Project object */;
			proxyType = 1;
			remoteGlobalIDString = 74FDE35422F9CB4300F9E5A3;
			remoteInfo = TextTwistAtClass;
		};
		74FDE37522F9CB4600F9E5A3 /* PBXContainerItemProxy */ = {
			isa = PBXContainerItemProxy;
			containerPortal = 74FDE34D22F9CB4300F9E5A3 /* Project object */;
			proxyType = 1;
			remoteGlobalIDString = 74FDE35422F9CB4300F9E5A3;
			remoteInfo = TextTwistAtClass;
		};
/* End PBXContainerItemProxy section */

/* Begin PBXFileReference section */
		74174C3A23034D2B00635857 /* Default-568h@2x.png */ = {isa = PBXFileReference; lastKnownFileType = image.png; path = "Default-568h@2x.png"; sourceTree = "<group>"; };
		74FDE35522F9CB4300F9E5A3 /* TextTwistAtClass.app */ = {isa = PBXFileReference; explicitFileType = wrapper.application; includeInIndex = 0; path = TextTwistAtClass.app; sourceTree = BUILT_PRODUCTS_DIR; };
		74FDE35822F9CB4400F9E5A3 /* AppDelegate.swift */ = {isa = PBXFileReference; lastKnownFileType = sourcecode.swift; path = AppDelegate.swift; sourceTree = "<group>"; };
		74FDE35A22F9CB4400F9E5A3 /* ViewController.swift */ = {isa = PBXFileReference; lastKnownFileType = sourcecode.swift; path = ViewController.swift; sourceTree = "<group>"; };
		74FDE35D22F9CB4400F9E5A3 /* Base */ = {isa = PBXFileReference; lastKnownFileType = file.storyboard; name = Base; path = Base.lproj/Main.storyboard; sourceTree = "<group>"; };
		74FDE35F22F9CB4600F9E5A3 /* Assets.xcassets */ = {isa = PBXFileReference; lastKnownFileType = folder.assetcatalog; path = Assets.xcassets; sourceTree = "<group>"; };
		74FDE36222F9CB4600F9E5A3 /* Base */ = {isa = PBXFileReference; lastKnownFileType = file.storyboard; name = Base; path = Base.lproj/LaunchScreen.storyboard; sourceTree = "<group>"; };
		74FDE36422F9CB4600F9E5A3 /* Info.plist */ = {isa = PBXFileReference; lastKnownFileType = text.plist.xml; path = Info.plist; sourceTree = "<group>"; };
		74FDE36922F9CB4600F9E5A3 /* TextTwistAtClassTests.xctest */ = {isa = PBXFileReference; explicitFileType = wrapper.cfbundle; includeInIndex = 0; path = TextTwistAtClassTests.xctest; sourceTree = BUILT_PRODUCTS_DIR; };
		74FDE36D22F9CB4600F9E5A3 /* TextTwistAtClassTests.swift */ = {isa = PBXFileReference; lastKnownFileType = sourcecode.swift; path = TextTwistAtClassTests.swift; sourceTree = "<group>"; };
		74FDE36F22F9CB4600F9E5A3 /* Info.plist */ = {isa = PBXFileReference; lastKnownFileType = text.plist.xml; path = Info.plist; sourceTree = "<group>"; };
		74FDE37422F9CB4600F9E5A3 /* TextTwistAtClassUITests.xctest */ = {isa = PBXFileReference; explicitFileType = wrapper.cfbundle; includeInIndex = 0; path = TextTwistAtClassUITests.xctest; sourceTree = BUILT_PRODUCTS_DIR; };
		74FDE37822F9CB4600F9E5A3 /* TextTwistAtClassUITests.swift */ = {isa = PBXFileReference; lastKnownFileType = sourcecode.swift; path = TextTwistAtClassUITests.swift; sourceTree = "<group>"; };
		74FDE37A22F9CB4600F9E5A3 /* Info.plist */ = {isa = PBXFileReference; lastKnownFileType = text.plist.xml; path = Info.plist; sourceTree = "<group>"; };
		74FDE38822F9CDE500F9E5A3 /* WordData.swift */ = {isa = PBXFileReference; lastKnownFileType = sourcecode.swift; path = WordData.swift; sourceTree = "<group>"; };
		74FDE38A22F9F0A000F9E5A3 /* model.swift */ = {isa = PBXFileReference; lastKnownFileType = sourcecode.swift; path = model.swift; sourceTree = "<group>"; };
/* End PBXFileReference section */

/* Begin PBXFrameworksBuildPhase section */
		74FDE35222F9CB4300F9E5A3 /* Frameworks */ = {
			isa = PBXFrameworksBuildPhase;
			buildActionMask = 2147483647;
			files = (
			);
			runOnlyForDeploymentPostprocessing = 0;
		};
		74FDE36622F9CB4600F9E5A3 /* Frameworks */ = {
			isa = PBXFrameworksBuildPhase;
			buildActionMask = 2147483647;
			files = (
			);
			runOnlyForDeploymentPostprocessing = 0;
		};
		74FDE37122F9CB4600F9E5A3 /* Frameworks */ = {
			isa = PBXFrameworksBuildPhase;
			buildActionMask = 2147483647;
			files = (
			);
			runOnlyForDeploymentPostprocessing = 0;
		};
/* End PBXFrameworksBuildPhase section */

/* Begin PBXGroup section */
		74FDE34C22F9CB4300F9E5A3 = {
			isa = PBXGroup;
			children = (
				74174C3A23034D2B00635857 /* Default-568h@2x.png */,
				74FDE35722F9CB4400F9E5A3 /* TextTwistAtClass */,
				74FDE36C22F9CB4600F9E5A3 /* TextTwistAtClassTests */,
				74FDE37722F9CB4600F9E5A3 /* TextTwistAtClassUITests */,
				74FDE35622F9CB4300F9E5A3 /* Products */,
			);
			sourceTree = "<group>";
		};
		74FDE35622F9CB4300F9E5A3 /* Products */ = {
			isa = PBXGroup;
			children = (
				74FDE35522F9CB4300F9E5A3 /* TextTwistAtClass.app */,
				74FDE36922F9CB4600F9E5A3 /* TextTwistAtClassTests.xctest */,
				74FDE37422F9CB4600F9E5A3 /* TextTwistAtClassUITests.xctest */,
			);
			name = Products;
			sourceTree = "<group>";
		};
		74FDE35722F9CB4400F9E5A3 /* TextTwistAtClass */ = {
			isa = PBXGroup;
			children = (
				74FDE35822F9CB4400F9E5A3 /* AppDelegate.swift */,
				74FDE35A22F9CB4400F9E5A3 /* ViewController.swift */,
				74FDE35C22F9CB4400F9E5A3 /* Main.storyboard */,
				74FDE38822F9CDE500F9E5A3 /* WordData.swift */,
				74FDE35F22F9CB4600F9E5A3 /* Assets.xcassets */,
				74FDE36122F9CB4600F9E5A3 /* LaunchScreen.storyboard */,
				74FDE36422F9CB4600F9E5A3 /* Info.plist */,
				74FDE38A22F9F0A000F9E5A3 /* model.swift */,
			);
			path = TextTwistAtClass;
			sourceTree = "<group>";
		};
		74FDE36C22F9CB4600F9E5A3 /* TextTwistAtClassTests */ = {
			isa = PBXGroup;
			children = (
				74FDE36D22F9CB4600F9E5A3 /* TextTwistAtClassTests.swift */,
				74FDE36F22F9CB4600F9E5A3 /* Info.plist */,
			);
			path = TextTwistAtClassTests;
			sourceTree = "<group>";
		};
		74FDE37722F9CB4600F9E5A3 /* TextTwistAtClassUITests */ = {
			isa = PBXGroup;
			children = (
				74FDE37822F9CB4600F9E5A3 /* TextTwistAtClassUITests.swift */,
				74FDE37A22F9CB4600F9E5A3 /* Info.plist */,
			);
			path = TextTwistAtClassUITests;
			sourceTree = "<group>";
		};
/* End PBXGroup section */

/* Begin PBXNativeTarget section */
		74FDE35422F9CB4300F9E5A3 /* TextTwistAtClass */ = {
			isa = PBXNativeTarget;
			buildConfigurationList = 74FDE37D22F9CB4600F9E5A3 /* Build configuration list for PBXNativeTarget "TextTwistAtClass" */;
			buildPhases = (
				74FDE35122F9CB4300F9E5A3 /* Sources */,
				74FDE35222F9CB4300F9E5A3 /* Frameworks */,
				74FDE35322F9CB4300F9E5A3 /* Resources */,
			);
			buildRules = (
			);
			dependencies = (
			);
			name = TextTwistAtClass;
			productName = TextTwistAtClass;
			productReference = 74FDE35522F9CB4300F9E5A3 /* TextTwistAtClass.app */;
			productType = "com.apple.product-type.application";
		};
		74FDE36822F9CB4600F9E5A3 /* TextTwistAtClassTests */ = {
			isa = PBXNativeTarget;
			buildConfigurationList = 74FDE38022F9CB4600F9E5A3 /* Build configuration list for PBXNativeTarget "TextTwistAtClassTests" */;
			buildPhases = (
				74FDE36522F9CB4600F9E5A3 /* Sources */,
				74FDE36622F9CB4600F9E5A3 /* Frameworks */,
				74FDE36722F9CB4600F9E5A3 /* Resources */,
			);
			buildRules = (
			);
			dependencies = (
				74FDE36B22F9CB4600F9E5A3 /* PBXTargetDependency */,
			);
			name = TextTwistAtClassTests;
			productName = TextTwistAtClassTests;
			productReference = 74FDE36922F9CB4600F9E5A3 /* TextTwistAtClassTests.xctest */;
			productType = "com.apple.product-type.bundle.unit-test";
		};
		74FDE37322F9CB4600F9E5A3 /* TextTwistAtClassUITests */ = {
			isa = PBXNativeTarget;
			buildConfigurationList = 74FDE38322F9CB4600F9E5A3 /* Build configuration list for PBXNativeTarget "TextTwistAtClassUITests" */;
			buildPhases = (
				74FDE37022F9CB4600F9E5A3 /* Sources */,
				74FDE37122F9CB4600F9E5A3 /* Frameworks */,
				74FDE37222F9CB4600F9E5A3 /* Resources */,
			);
			buildRules = (
			);
			dependencies = (
				74FDE37622F9CB4600F9E5A3 /* PBXTargetDependency */,
			);
			name = TextTwistAtClassUITests;
			productName = TextTwistAtClassUITests;
			productReference = 74FDE37422F9CB4600F9E5A3 /* TextTwistAtClassUITests.xctest */;
			productType = "com.apple.product-type.bundle.ui-testing";
		};
/* End PBXNativeTarget section */

/* Begin PBXProject section */
		74FDE34D22F9CB4300F9E5A3 /* Project object */ = {
			isa = PBXProject;
			attributes = {
				LastSwiftUpdateCheck = 1020;
				LastUpgradeCheck = 1020;
				ORGANIZATIONNAME = "Kimball Yang";
				TargetAttributes = {
					74FDE35422F9CB4300F9E5A3 = {
						CreatedOnToolsVersion = 10.2.1;
					};
					74FDE36822F9CB4600F9E5A3 = {
						CreatedOnToolsVersion = 10.2.1;
						TestTargetID = 74FDE35422F9CB4300F9E5A3;
					};
					74FDE37322F9CB4600F9E5A3 = {
						CreatedOnToolsVersion = 10.2.1;
						TestTargetID = 74FDE35422F9CB4300F9E5A3;
					};
				};
			};
			buildConfigurationList = 74FDE35022F9CB4300F9E5A3 /* Build configuration list for PBXProject "TextTwist" */;
			compatibilityVersion = "Xcode 9.3";
			developmentRegion = en;
			hasScannedForEncodings = 0;
			knownRegions = (
				en,
				Base,
			);
			mainGroup = 74FDE34C22F9CB4300F9E5A3;
			productRefGroup = 74FDE35622F9CB4300F9E5A3 /* Products */;
			projectDirPath = "";
			projectRoot = "";
			targets = (
				74FDE35422F9CB4300F9E5A3 /* TextTwistAtClass */,
				74FDE36822F9CB4600F9E5A3 /* TextTwistAtClassTests */,
				74FDE37322F9CB4600F9E5A3 /* TextTwistAtClassUITests */,
			);
		};
/* End PBXProject section */

/* Begin PBXResourcesBuildPhase section */
		74FDE35322F9CB4300F9E5A3 /* Resources */ = {
			isa = PBXResourcesBuildPhase;
			buildActionMask = 2147483647;
			files = (
				74FDE36322F9CB4600F9E5A3 /* LaunchScreen.storyboard in Resources */,
				74174C3B23034D2B00635857 /* Default-568h@2x.png in Resources */,
				74FDE36022F9CB4600F9E5A3 /* Assets.xcassets in Resources */,
				74FDE35E22F9CB4400F9E5A3 /* Main.storyboard in Resources */,
			);
			runOnlyForDeploymentPostprocessing = 0;
		};
		74FDE36722F9CB4600F9E5A3 /* Resources */ = {
			isa = PBXResourcesBuildPhase;
			buildActionMask = 2147483647;
			files = (
			);
			runOnlyForDeploymentPostprocessing = 0;
		};
		74FDE37222F9CB4600F9E5A3 /* Resources */ = {
			isa = PBXResourcesBuildPhase;
			buildActionMask = 2147483647;
			files = (
			);
			runOnlyForDeploymentPostprocessing = 0;
		};
/* End PBXResourcesBuildPhase section */

/* Begin PBXSourcesBuildPhase section */
		74FDE35122F9CB4300F9E5A3 /* Sources */ = {
			isa = PBXSourcesBuildPhase;
			buildActionMask = 2147483647;
			files = (
				74FDE35B22F9CB4400F9E5A3 /* ViewController.swift in Sources */,
				74FDE35922F9CB4400F9E5A3 /* AppDelegate.swift in Sources */,
				74FDE38922F9CDE500F9E5A3 /* WordData.swift in Sources */,
				74FDE38B22F9F0A000F9E5A3 /* model.swift in Sources */,
			);
			runOnlyForDeploymentPostprocessing = 0;
		};
		74FDE36522F9CB4600F9E5A3 /* Sources */ = {
			isa = PBXSourcesBuildPhase;
			buildActionMask = 2147483647;
			files = (
				74FDE36E22F9CB4600F9E5A3 /* TextTwistAtClassTests.swift in Sources */,
			);
			runOnlyForDeploymentPostprocessing = 0;
		};
		74FDE37022F9CB4600F9E5A3 /* Sources */ = {
			isa = PBXSourcesBuildPhase;
			buildActionMask = 2147483647;
			files = (
				74FDE37922F9CB4600F9E5A3 /* TextTwistAtClassUITests.swift in Sources */,
			);
			runOnlyForDeploymentPostprocessing = 0;
		};
/* End PBXSourcesBuildPhase section */

/* Begin PBXTargetDependency section */
		74FDE36B22F9CB4600F9E5A3 /* PBXTargetDependency */ = {
			isa = PBXTargetDependency;
			target = 74FDE35422F9CB4300F9E5A3 /* TextTwistAtClass */;
			targetProxy = 74FDE36A22F9CB4600F9E5A3 /* PBXContainerItemProxy */;
		};
		74FDE37622F9CB4600F9E5A3 /* PBXTargetDependency */ = {
			isa = PBXTargetDependency;
			target = 74FDE35422F9CB4300F9E5A3 /* TextTwistAtClass */;
			targetProxy = 74FDE37522F9CB4600F9E5A3 /* PBXContainerItemProxy */;
		};
/* End PBXTargetDependency section */

/* Begin PBXVariantGroup section */
		74FDE35C22F9CB4400F9E5A3 /* Main.storyboard */ = {
			isa = PBXVariantGroup;
			children = (
				74FDE35D22F9CB4400F9E5A3 /* Base */,
			);
			name = Main.storyboard;
			sourceTree = "<group>";
		};
		74FDE36122F9CB4600F9E5A3 /* LaunchScreen.storyboard */ = {
			isa = PBXVariantGroup;
			children = (
				74FDE36222F9CB4600F9E5A3 /* Base */,
			);
			name = LaunchScreen.storyboard;
			sourceTree = "<group>";
		};
/* End PBXVariantGroup section */

/* Begin XCBuildConfiguration section */
		74FDE37B22F9CB4600F9E5A3 /* Debug */ = {
			isa = XCBuildConfiguration;
			buildSettings = {
				ALWAYS_SEARCH_USER_PATHS = NO;
				CLANG_ANALYZER_NONNULL = YES;
				CLANG_ANALYZER_NUMBER_OBJECT_CONVERSION = YES_AGGRESSIVE;
				CLANG_CXX_LANGUAGE_STANDARD = "gnu++14";
				CLANG_CXX_LIBRARY = "libc++";
				CLANG_ENABLE_MODULES = YES;
				CLANG_ENABLE_OBJC_ARC = YES;
				CLANG_ENABLE_OBJC_WEAK = YES;
				CLANG_WARN_BLOCK_CAPTURE_AUTORELEASING = YES;
				CLANG_WARN_BOOL_CONVERSION = YES;
				CLANG_WARN_COMMA = YES;
				CLANG_WARN_CONSTANT_CONVERSION = YES;
				CLANG_WARN_DEPRECATED_OBJC_IMPLEMENTATIONS = YES;
				CLANG_WARN_DIRECT_OBJC_ISA_USAGE = YES_ERROR;
				CLANG_WARN_DOCUMENTATION_COMMENTS = YES;
				CLANG_WARN_EMPTY_BODY = YES;
				CLANG_WARN_ENUM_CONVERSION = YES;
				CLANG_WARN_INFINITE_RECURSION = YES;
				CLANG_WARN_INT_CONVERSION = YES;
				CLANG_WARN_NON_LITERAL_NULL_CONVERSION = YES;
				CLANG_WARN_OBJC_IMPLICIT_RETAIN_SELF = YES;
				CLANG_WARN_OBJC_LITERAL_CONVERSION = YES;
				CLANG_WARN_OBJC_ROOT_CLASS = YES_ERROR;
				CLANG_WARN_RANGE_LOOP_ANALYSIS = YES;
				CLANG_WARN_STRICT_PROTOTYPES = YES;
				CLANG_WARN_SUSPICIOUS_MOVE = YES;
				CLANG_WARN_UNGUARDED_AVAILABILITY = YES_AGGRESSIVE;
				CLANG_WARN_UNREACHABLE_CODE = YES;
				CLANG_WARN__DUPLICATE_METHOD_MATCH = YES;
				CODE_SIGN_IDENTITY = "iPhone Developer";
				COPY_PHASE_STRIP = NO;
				DEBUG_INFORMATION_FORMAT = dwarf;
				ENABLE_STRICT_OBJC_MSGSEND = YES;
				ENABLE_TESTABILITY = YES;
				GCC_C_LANGUAGE_STANDARD = gnu11;
				GCC_DYNAMIC_NO_PIC = NO;
				GCC_NO_COMMON_BLOCKS = YES;
				GCC_OPTIMIZATION_LEVEL = 0;
				GCC_PREPROCESSOR_DEFINITIONS = (
					"DEBUG=1",
					"$(inherited)",
				);
				GCC_WARN_64_TO_32_BIT_CONVERSION = YES;
				GCC_WARN_ABOUT_RETURN_TYPE = YES_ERROR;
				GCC_WARN_UNDECLARED_SELECTOR = YES;
				GCC_WARN_UNINITIALIZED_AUTOS = YES_AGGRESSIVE;
				GCC_WARN_UNUSED_FUNCTION = YES;
				GCC_WARN_UNUSED_VARIABLE = YES;
				IPHONEOS_DEPLOYMENT_TARGET = 12.2;
				MTL_ENABLE_DEBUG_INFO = INCLUDE_SOURCE;
				MTL_FAST_MATH = YES;
				ONLY_ACTIVE_ARCH = YES;
				SDKROOT = iphoneos;
				SWIFT_ACTIVE_COMPILATION_CONDITIONS = DEBUG;
				SWIFT_OPTIMIZATION_LEVEL = "-Onone";
			};
			name = Debug;
		};
		74FDE37C22F9CB4600F9E5A3 /* Release */ = {
			isa = XCBuildConfiguration;
			buildSettings = {
				ALWAYS_SEARCH_USER_PATHS = NO;
				CLANG_ANALYZER_NONNULL = YES;
				CLANG_ANALYZER_NUMBER_OBJECT_CONVERSION = YES_AGGRESSIVE;
				CLANG_CXX_LANGUAGE_STANDARD = "gnu++14";
				CLANG_CXX_LIBRARY = "libc++";
				CLANG_ENABLE_MODULES = YES;
				CLANG_ENABLE_OBJC_ARC = YES;
				CLANG_ENABLE_OBJC_WEAK = YES;
				CLANG_WARN_BLOCK_CAPTURE_AUTORELEASING = YES;
				CLANG_WARN_BOOL_CONVERSION = YES;
				CLANG_WARN_COMMA = YES;
				CLANG_WARN_CONSTANT_CONVERSION = YES;
				CLANG_WARN_DEPRECATED_OBJC_IMPLEMENTATIONS = YES;
				CLANG_WARN_DIRECT_OBJC_ISA_USAGE = YES_ERROR;
				CLANG_WARN_DOCUMENTATION_COMMENTS = YES;
				CLANG_WARN_EMPTY_BODY = YES;
				CLANG_WARN_ENUM_CONVERSION = YES;
				CLANG_WARN_INFINITE_RECURSION = YES;
				CLANG_WARN_INT_CONVERSION = YES;
				CLANG_WARN_NON_LITERAL_NULL_CONVERSION = YES;
				CLANG_WARN_OBJC_IMPLICIT_RETAIN_SELF = YES;
				CLANG_WARN_OBJC_LITERAL_CONVERSION = YES;
				CLANG_WARN_OBJC_ROOT_CLASS = YES_ERROR;
				CLANG_WARN_RANGE_LOOP_ANALYSIS = YES;
				CLANG_WARN_STRICT_PROTOTYPES = YES;
				CLANG_WARN_SUSPICIOUS_MOVE = YES;
				CLANG_WARN_UNGUARDED_AVAILABILITY = YES_AGGRESSIVE;
				CLANG_WARN_UNREACHABLE_CODE = YES;
				CLANG_WARN__DUPLICATE_METHOD_MATCH = YES;
				CODE_SIGN_IDENTITY = "iPhone Developer";
				COPY_PHASE_STRIP = NO;
				DEBUG_INFORMATION_FORMAT = "dwarf-with-dsym";
				ENABLE_NS_ASSERTIONS = NO;
				ENABLE_STRICT_OBJC_MSGSEND = YES;
				GCC_C_LANGUAGE_STANDARD = gnu11;
				GCC_NO_COMMON_BLOCKS = YES;
				GCC_WARN_64_TO_32_BIT_CONVERSION = YES;
				GCC_WARN_ABOUT_RETURN_TYPE = YES_ERROR;
				GCC_WARN_UNDECLARED_SELECTOR = YES;
				GCC_WARN_UNINITIALIZED_AUTOS = YES_AGGRESSIVE;
				GCC_WARN_UNUSED_FUNCTION = YES;
				GCC_WARN_UNUSED_VARIABLE = YES;
				IPHONEOS_DEPLOYMENT_TARGET = 12.2;
				MTL_ENABLE_DEBUG_INFO = NO;
				MTL_FAST_MATH = YES;
				SDKROOT = iphoneos;
				SWIFT_COMPILATION_MODE = wholemodule;
				SWIFT_OPTIMIZATION_LEVEL = "-O";
				VALIDATE_PRODUCT = YES;
			};
			name = Release;
		};
		74FDE37E22F9CB4600F9E5A3 /* Debug */ = {
			isa = XCBuildConfiguration;
			buildSettings = {
				ASSETCATALOG_COMPILER_APPICON_NAME = AppIcon;
				CODE_SIGN_STYLE = Automatic;
				INFOPLIST_FILE = TextTwistAtClass/Info.plist;
				LD_RUNPATH_SEARCH_PATHS = (
					"$(inherited)",
					"@executable_path/Frameworks",
				);
				PRODUCT_BUNDLE_IDENTIFIER = Orion.TextTwistAtClass;
				PRODUCT_NAME = "$(TARGET_NAME)";
				SWIFT_VERSION = 5.0;
				TARGETED_DEVICE_FAMILY = "1,2";
			};
			name = Debug;
		};
		74FDE37F22F9CB4600F9E5A3 /* Release */ = {
			isa = XCBuildConfiguration;
			buildSettings = {
				ASSETCATALOG_COMPILER_APPICON_NAME = AppIcon;
				CODE_SIGN_STYLE = Automatic;
				INFOPLIST_FILE = TextTwistAtClass/Info.plist;
				LD_RUNPATH_SEARCH_PATHS = (
					"$(inherited)",
					"@executable_path/Frameworks",
				);
				PRODUCT_BUNDLE_IDENTIFIER = Orion.TextTwistAtClass;
				PRODUCT_NAME = "$(TARGET_NAME)";
				SWIFT_VERSION = 5.0;
				TARGETED_DEVICE_FAMILY = "1,2";
			};
			name = Release;
		};
		74FDE38122F9CB4600F9E5A3 /* Debug */ = {
			isa = XCBuildConfiguration;
			buildSettings = {
				ALWAYS_EMBED_SWIFT_STANDARD_LIBRARIES = YES;
				BUNDLE_LOADER = "$(TEST_HOST)";
				CODE_SIGN_STYLE = Automatic;
				INFOPLIST_FILE = TextTwistAtClassTests/Info.plist;
				LD_RUNPATH_SEARCH_PATHS = (
					"$(inherited)",
					"@executable_path/Frameworks",
					"@loader_path/Frameworks",
				);
				PRODUCT_BUNDLE_IDENTIFIER = Orion.TextTwistAtClassTests;
				PRODUCT_NAME = "$(TARGET_NAME)";
				SWIFT_VERSION = 5.0;
				TARGETED_DEVICE_FAMILY = "1,2";
				TEST_HOST = "$(BUILT_PRODUCTS_DIR)/TextTwistAtClass.app/TextTwistAtClass";
			};
			name = Debug;
		};
		74FDE38222F9CB4600F9E5A3 /* Release */ = {
			isa = XCBuildConfiguration;
			buildSettings = {
				ALWAYS_EMBED_SWIFT_STANDARD_LIBRARIES = YES;
				BUNDLE_LOADER = "$(TEST_HOST)";
				CODE_SIGN_STYLE = Automatic;
				INFOPLIST_FILE = TextTwistAtClassTests/Info.plist;
				LD_RUNPATH_SEARCH_PATHS = (
					"$(inherited)",
					"@executable_path/Frameworks",
					"@loader_path/Frameworks",
				);
				PRODUCT_BUNDLE_IDENTIFIER = Orion.TextTwistAtClassTests;
				PRODUCT_NAME = "$(TARGET_NAME)";
				SWIFT_VERSION = 5.0;
				TARGETED_DEVICE_FAMILY = "1,2";
				TEST_HOST = "$(BUILT_PRODUCTS_DIR)/TextTwistAtClass.app/TextTwistAtClass";
			};
			name = Release;
		};
		74FDE38422F9CB4600F9E5A3 /* Debug */ = {
			isa = XCBuildConfiguration;
			buildSettings = {
				ALWAYS_EMBED_SWIFT_STANDARD_LIBRARIES = YES;
				CODE_SIGN_STYLE = Automatic;
				INFOPLIST_FILE = TextTwistAtClassUITests/Info.plist;
				LD_RUNPATH_SEARCH_PATHS = (
					"$(inherited)",
					"@executable_path/Frameworks",
					"@loader_path/Frameworks",
				);
				PRODUCT_BUNDLE_IDENTIFIER = Orion.TextTwistAtClassUITests;
				PRODUCT_NAME = "$(TARGET_NAME)";
				SWIFT_VERSION = 5.0;
				TARGETED_DEVICE_FAMILY = "1,2";
				TEST_TARGET_NAME = TextTwistAtClass;
			};
			name = Debug;
		};
		74FDE38522F9CB4600F9E5A3 /* Release */ = {
			isa = XCBuildConfiguration;
			buildSettings = {
				ALWAYS_EMBED_SWIFT_STANDARD_LIBRARIES = YES;
				CODE_SIGN_STYLE = Automatic;
				INFOPLIST_FILE = TextTwistAtClassUITests/Info.plist;
				LD_RUNPATH_SEARCH_PATHS = (
					"$(inherited)",
					"@executable_path/Frameworks",
					"@loader_path/Frameworks",
				);
				PRODUCT_BUNDLE_IDENTIFIER = Orion.TextTwistAtClassUITests;
				PRODUCT_NAME = "$(TARGET_NAME)";
				SWIFT_VERSION = 5.0;
				TARGETED_DEVICE_FAMILY = "1,2";
				TEST_TARGET_NAME = TextTwistAtClass;
			};
			name = Release;
		};
/* End XCBuildConfiguration section */

/* Begin XCConfigurationList section */
		74FDE35022F9CB4300F9E5A3 /* Build configuration list for PBXProject "TextTwist" */ = {
			isa = XCConfigurationList;
			buildConfigurations = (
				74FDE37B22F9CB4600F9E5A3 /* Debug */,
				74FDE37C22F9CB4600F9E5A3 /* Release */,
			);
			defaultConfigurationIsVisible = 0;
			defaultConfigurationName = Release;
		};
		74FDE37D22F9CB4600F9E5A3 /* Build configuration list for PBXNativeTarget "TextTwistAtClass" */ = {
			isa = XCConfigurationList;
			buildConfigurations = (
				74FDE37E22F9CB4600F9E5A3 /* Debug */,
				74FDE37F22F9CB4600F9E5A3 /* Release */,
			);
			defaultConfigurationIsVisible = 0;
			defaultConfigurationName = Release;
		};
		74FDE38022F9CB4600F9E5A3 /* Build configuration list for PBXNativeTarget "TextTwistAtClassTests" */ = {
			isa = XCConfigurationList;
			buildConfigurations = (
				74FDE38122F9CB4600F9E5A3 /* Debug */,
				74FDE38222F9CB4600F9E5A3 /* Release */,
			);
			defaultConfigurationIsVisible = 0;
			defaultConfigurationName = Release;
		};
		74FDE38322F9CB4600F9E5A3 /* Build configuration list for PBXNativeTarget "TextTwistAtClassUITests" */ = {
			isa = XCConfigurationList;
			buildConfigurations = (
				74FDE38422F9CB4600F9E5A3 /* Debug */,
				74FDE38522F9CB4600F9E5A3 /* Release */,
			);
			defaultConfigurationIsVisible = 0;
			defaultConfigurationName = Release;
		};
/* End XCConfigurationList section */
	};
	rootObject = 74FDE34D22F9CB4300F9E5A3 /* Project object */;
}
